{
  "name": "new-eden-hub",
  "version": "1.0.0",
  "lockfileVersion": 3,
  "requires": true,
  "packages": {
    "": {
      "name": "new-eden-hub",
      "version": "1.0.0",
      "dependencies": {
        "better-sqlite3": "^12.4.1",
        "express": "^5.1.0"
      }
    },
    "node_modules/better-sqlite3": {
      "version": "12.4.1",
      "resolved": "https://registry.npmjs.org/better-sqlite3/-/better-sqlite3-12.4.1.tgz",
      "integrity": "sha512-PLACEHOLDER",
      "license": "MIT"
    },
    "node_modules/express": {
      "version": "5.1.0",
      "resolved": "https://registry.npmjs.org/express/-/express-5.1.0.tgz",
      "integrity": "sha512-DT9ck5YIRU+8f4tVvFv2c3x3jH0zv0XJfQ9h1z2m9K3J0pQ7Z8Q5hQe8a7rQp2mJ7Q3v1Qf9Y1nK8V5Q4fX0w==",
      "license": "MIT"
    }
  }
}
